
Microsoft Visual Studio Solution File, Format Version 12.00
# Visual Studio 2012
Project("{FAE04EC0-301F-11D3-BF4B-00C04F79EFBC}") = "SpendSimply", "SpendSimply\SpendSimply.csproj", "{88FBBB20-A1B4-46BD-89F0-BB434AAE7BE3}"
EndProject
Global
	GlobalSection(SolutionConfigurationPlatforms) = preSolution
		Debug|iPhoneSimulator = Debug|iPhoneSimulator
		Release|iPhone = Release|iPhone
		Release|iPhoneSimulator = Release|iPhoneSimulator
		Debug|iPhone = Debug|iPhone
	EndGlobalSection
	GlobalSection(ProjectConfigurationPlatforms) = postSolution
		{88FBBB20-A1B4-46BD-89F0-BB434AAE7BE3}.Debug|iPhone.ActiveCfg = Debug|iPhone
		{88FBBB20-A1B4-46BD-89F0-BB434AAE7BE3}.Debug|iPhone.Build.0 = Debug|iPhone
		{88FBBB20-A1B4-46BD-89F0-BB434AAE7BE3}.Debug|iPhoneSimulator.ActiveCfg = Debug|iPhoneSimulator
		{88FBBB20-A1B4-46BD-89F0-BB434AAE7BE3}.Debug|iPhoneSimulator.Build.0 = Debug|iPhoneSimulator
		{88FBBB20-A1B4-46BD-89F0-BB434AAE7BE3}.Release|iPhone.ActiveCfg = Release|iPhone
		{88FBBB20-A1B4-46BD-89F0-BB434AAE7BE3}.Release|iPhone.Build.0 = Release|iPhone
		{88FBBB20-A1B4-46BD-89F0-BB434AAE7BE3}.Release|iPhoneSimulator.ActiveCfg = Release|iPhoneSimulator
		{88FBBB20-A1B4-46BD-89F0-BB434AAE7BE3}.Release|iPhoneSimulator.Build.0 = Release|iPhoneSimulator
	EndGlobalSection
EndGlobal
